lockfileVersion: '9.0'

settings:
  autoInstallPeers: true
  excludeLinksFromLockfile: false

importers:

  .:
    dependencies:
      alpinejs:
        specifier: ^3.14.0
        version: 3.14.8
      posthog-js:
        specifier: ^1.222.0
        version: 1.222.0(@rrweb/types@2.0.0-alpha.17)
      swiper:
        specifier: ^11.1.4
        version: 11.2.4
    devDependencies:
      tailwindcss:
        specifier: ^4.0.0
        version: 4.0.8

packages:

  '@rrweb/types@2.0.0-alpha.17':
    resolution: {integrity: sha512-AfDTVUuCyCaIG0lTSqYtrZqJX39ZEYzs4fYKnexhQ+id+kbZIpIJtaut5cto6dWZbB3SEe4fW0o90Po3LvTmfg==}

  '@vue/reactivity@3.1.5':
    resolution: {integrity: sha512-1tdfLmNjWG6t/CsPldh+foumYFo3cpyCHgBYQ34ylaMsJ+SNHQ1kApMIa8jN+i593zQuaw3AdWH0nJTARzCFhg==}

  '@vue/shared@3.1.5':
    resolution: {integrity: sha512-oJ4F3TnvpXaQwZJNF3ZK+kLPHKarDmJjJ6jyzVNDKH9md1dptjC7lWR//jrGuLdek/U6iltWxqAnYOu8gCiOvA==}

  alpinejs@3.14.8:
    resolution: {integrity: sha512-wT2fuP2DXpGk/jKaglwy7S/IJpm1FD+b7U6zUrhwErjoq5h27S4dxkJEXVvhbdwyPv9U+3OkUuNLkZT4h2Kfrg==}

  core-js@3.40.0:
    resolution: {integrity: sha512-7vsMc/Lty6AGnn7uFpYT56QesI5D2Y/UkgKounk87OP9Z2H9Z8kj6jzcSGAxFmUtDOS0ntK6lbQz+Nsa0Jj6mQ==}

  fflate@0.4.8:
    resolution: {integrity: sha512-FJqqoDBR00Mdj9ppamLa/Y7vxm+PRmNWA67N846RvsoYVMKB4q3y/de5PA7gUmRMYK/8CMz2GDZQmCRN1wBcWA==}

  nanoid@3.3.8:
    resolution: {integrity: sha512-WNLf5Sd8oZxOm+TzppcYk8gVOgP+l58xNy58D0nbUnOxOWRWvlcCV4kUF7ltmI6PsrLl/BgKEyS4mqsGChFN0w==}
    engines: {node: ^10 || ^12 || ^13.7 || ^14 || >=15.0.1}
    hasBin: true

  picocolors@1.1.1:
    resolution: {integrity: sha512-xceH2snhtb5M9liqDsmEw56le376mTZkEX/jEb/RxNFyegNul7eNslCXP9FDj/Lcu0X8KEyMceP2ntpaHrDEVA==}

  postcss@8.5.3:
    resolution: {integrity: sha512-dle9A3yYxlBSrt8Fu+IpjGT8SY8hN0mlaA6GY8t0P5PjIOZemULz/E2Bnm/2dcUOena75OTNkHI76uZBNUUq3A==}
    engines: {node: ^10 || ^12 || >=14}

  posthog-js@1.222.0:
    resolution: {integrity: sha512-NlywJSjaIdh3umdBicrXzMpaPEdpUC9/XYwaNEYjz+/dPUGiARTC6MEAMv0dOvqID9Zc+GJvKo0oWBQyrCvyaA==}
    peerDependencies:
      '@rrweb/types': 2.0.0-alpha.17

  preact@10.26.2:
    resolution: {integrity: sha512-0gNmv4qpS9HaN3+40CLBAnKe0ZfyE4ZWo5xKlC1rVrr0ckkEvJvAQqKaHANdFKsGstoxrY4AItZ7kZSGVoVjgg==}

  rrweb-snapshot@2.0.0-alpha.18:
    resolution: {integrity: sha512-hBHZL/NfgQX6wO1D9mpwqFu1NJPpim+moIcKhFEjVTZVRUfCln+LOugRc4teVTCISYHN8Cw5e2iNTWCSm+SkoA==}

  source-map-js@1.2.1:
    resolution: {integrity: sha512-UXWMKhLOwVKb728IUtQPXxfYU+usdybtUrK/8uGE8CQMvrhOpwvzDBwj0QhSL7MQc7vIsISBG8VQ8+IDQxpfQA==}
    engines: {node: '>=0.10.0'}

  swiper@11.2.4:
    resolution: {integrity: sha512-DTtglrsFfMYytid+oNy4QI3t2N2+XhhwSYbnyOhlwBmvY8Bkoj3ombK1/b80w8vDpQ+Lqlnbm+0737+i32MrcA==}
    engines: {node: '>= 4.7.0'}

  tailwindcss@4.0.8:
    resolution: {integrity: sha512-Me7N5CKR+D2A1xdWA5t5+kjjT7bwnxZOE6/yDI/ixJdJokszsn2n++mdU5yJwrsTpqFX2B9ZNMBJDwcqk9C9lw==}

  web-vitals@4.2.4:
    resolution: {integrity: sha512-r4DIlprAGwJ7YM11VZp4R884m0Vmgr6EAKe3P+kO0PPj3Unqyvv59rczf6UiGcb9Z8QxZVcqKNwv/g0WNdWwsw==}

snapshots:

  '@rrweb/types@2.0.0-alpha.17':
    dependencies:
      rrweb-snapshot: 2.0.0-alpha.18

  '@vue/reactivity@3.1.5':
    dependencies:
      '@vue/shared': 3.1.5

  '@vue/shared@3.1.5': {}

  alpinejs@3.14.8:
    dependencies:
      '@vue/reactivity': 3.1.5

  core-js@3.40.0: {}

  fflate@0.4.8: {}

  nanoid@3.3.8: {}

  picocolors@1.1.1: {}

  postcss@8.5.3:
    dependencies:
      nanoid: 3.3.8
      picocolors: 1.1.1
      source-map-js: 1.2.1

  posthog-js@1.222.0(@rrweb/types@2.0.0-alpha.17):
    dependencies:
      '@rrweb/types': 2.0.0-alpha.17
      core-js: 3.40.0
      fflate: 0.4.8
      preact: 10.26.2
      web-vitals: 4.2.4

  preact@10.26.2: {}

  rrweb-snapshot@2.0.0-alpha.18:
    dependencies:
      postcss: 8.5.3

  source-map-js@1.2.1: {}

  swiper@11.2.4: {}

  tailwindcss@4.0.8: {}

  web-vitals@4.2.4: {}
